Microsoft Visual Studio Solution File, Format Version 12.00
# Visual Studio Version 17
VisualStudioVersion = 17.5.2.0
MinimumVisualStudioVersion = 10.0.40219.1
Project("{FAE04EC0-301F-11D3-BF4B-00C04F79EFBC}") = "MaisyMisAdventure26", "MaisyMisAdventure26.csproj", "{9296B7F0-D22E-5214-DF39-93337D7F7D7D}"
EndProject
Global
	GlobalSection(SolutionConfigurationPlatforms) = preSolution
		Debug|Any CPU = Debug|Any CPU
		Release|Any CPU = Release|Any CPU
	EndGlobalSection
	GlobalSection(ProjectConfigurationPlatforms) = postSolution
		{9296B7F0-D22E-5214-DF39-93337D7F7D7D}.Debug|Any CPU.ActiveCfg = Debug|Any CPU
		{9296B7F0-D22E-5214-DF39-93337D7F7D7D}.Debug|Any CPU.Build.0 = Debug|Any CPU
		{9296B7F0-D22E-5214-DF39-93337D7F7D7D}.Release|Any CPU.ActiveCfg = Release|Any CPU
		{9296B7F0-D22E-5214-DF39-93337D7F7D7D}.Release|Any CPU.Build.0 = Release|Any CPU
	EndGlobalSection
	GlobalSection(SolutionProperties) = preSolution
		HideSolutionNode = FALSE
	EndGlobalSection
	GlobalSection(ExtensibilityGlobals) = postSolution
		SolutionGuid = {84261639-7985-4167-A338-1C7F42633F42}
	EndGlobalSection
EndGlobal
